// !$*UTF8*$!
{
	archiveVersion = 1;
	classes = {
	};
	objectVersion = 50;
	objects = {

/* Begin PBXBuildFile section */
		425EC098234A1FDC00204D9F /* PostEditingViewController.swift in Sources */ = {isa = PBXBuildFile; fileRef = 425EC097234A1FDC00204D9F /* PostEditingViewController.swift */; };
		427897CD2348F6AD00F6DE57 /* DetailedPostTableViewController.swift in Sources */ = {isa = PBXBuildFile; fileRef = 427897CC2348F6AD00F6DE57 /* DetailedPostTableViewController.swift */; };
		42B57C6A23461FDA00635A45 /* AppDelegate.swift in Sources */ = {isa = PBXBuildFile; fileRef = 42B57C6923461FDA00635A45 /* AppDelegate.swift */; };
		42B57C6C23461FDA00635A45 /* SceneDelegate.swift in Sources */ = {isa = PBXBuildFile; fileRef = 42B57C6B23461FDA00635A45 /* SceneDelegate.swift */; };
		42B57C7123461FDA00635A45 /* Main.storyboard in Resources */ = {isa = PBXBuildFile; fileRef = 42B57C6F23461FDA00635A45 /* Main.storyboard */; };
		42B57C7323461FDC00635A45 /* Assets.xcassets in Resources */ = {isa = PBXBuildFile; fileRef = 42B57C7223461FDC00635A45 /* Assets.xcassets */; };
		42B57C7623461FDC00635A45 /* LaunchScreen.storyboard in Resources */ = {isa = PBXBuildFile; fileRef = 42B57C7423461FDC00635A45 /* LaunchScreen.storyboard */; };
		42B57C7E2346271E00635A45 /* PostsTableViewController.swift in Sources */ = {isa = PBXBuildFile; fileRef = 42B57C7D2346271E00635A45 /* PostsTableViewController.swift */; };
		42B57C80234627DA00635A45 /* Post.swift in Sources */ = {isa = PBXBuildFile; fileRef = 42B57C7F234627DA00635A45 /* Post.swift */; };
		42B57C85234628B000635A45 /* UserInfoTableViewCell.swift in Sources */ = {isa = PBXBuildFile; fileRef = 42B57C83234628B000635A45 /* UserInfoTableViewCell.swift */; };
		42B57C86234628B000635A45 /* UserInfoTableViewCell.xib in Resources */ = {isa = PBXBuildFile; fileRef = 42B57C84234628B000635A45 /* UserInfoTableViewCell.xib */; };
		42B57C8A2346290400635A45 /* AddPostTableViewCell.swift in Sources */ = {isa = PBXBuildFile; fileRef = 42B57C882346290400635A45 /* AddPostTableViewCell.swift */; };
		42B57C8B2346290400635A45 /* AddPostTableViewCell.xib in Resources */ = {isa = PBXBuildFile; fileRef = 42B57C892346290400635A45 /* AddPostTableViewCell.xib */; };
		42B57C8E2346291500635A45 /* PostTableViewCell.swift in Sources */ = {isa = PBXBuildFile; fileRef = 42B57C8C2346291500635A45 /* PostTableViewCell.swift */; };
		42B57C8F2346291500635A45 /* PostTableViewCell.xib in Resources */ = {isa = PBXBuildFile; fileRef = 42B57C8D2346291500635A45 /* PostTableViewCell.xib */; };
		42B57C9223462A4300635A45 /* PhotosTableViewCell.swift in Sources */ = {isa = PBXBuildFile; fileRef = 42B57C9023462A4300635A45 /* PhotosTableViewCell.swift */; };
		42B57C9323462A4300635A45 /* PhotosTableViewCell.xib in Resources */ = {isa = PBXBuildFile; fileRef = 42B57C9123462A4300635A45 /* PhotosTableViewCell.xib */; };
/* End PBXBuildFile section */

/* Begin PBXFileReference section */
		425EC097234A1FDC00204D9F /* PostEditingViewController.swift */ = {isa = PBXFileReference; lastKnownFileType = sourcecode.swift; path = PostEditingViewController.swift; sourceTree = "<group>"; };
		427897CC2348F6AD00F6DE57 /* DetailedPostTableViewController.swift */ = {isa = PBXFileReference; lastKnownFileType = sourcecode.swift; path = DetailedPostTableViewController.swift; sourceTree = "<group>"; };
		42B57C6623461FDA00635A45 /* vkProfilePage.app */ = {isa = PBXFileReference; explicitFileType = wrapper.application; includeInIndex = 0; path = vkProfilePage.app; sourceTree = BUILT_PRODUCTS_DIR; };
		42B57C6923461FDA00635A45 /* AppDelegate.swift */ = {isa = PBXFileReference; lastKnownFileType = sourcecode.swift; path = AppDelegate.swift; sourceTree = "<group>"; };
		42B57C6B23461FDA00635A45 /* SceneDelegate.swift */ = {isa = PBXFileReference; lastKnownFileType = sourcecode.swift; path = SceneDelegate.swift; sourceTree = "<group>"; };
		42B57C7023461FDA00635A45 /* Base */ = {isa = PBXFileReference; lastKnownFileType = file.storyboard; name = Base; path = Base.lproj/Main.storyboard; sourceTree = "<group>"; };
		42B57C7223461FDC00635A45 /* Assets.xcassets */ = {isa = PBXFileReference; lastKnownFileType = folder.assetcatalog; path = Assets.xcassets; sourceTree = "<group>"; };
		42B57C7523461FDC00635A45 /* Base */ = {isa = PBXFileReference; lastKnownFileType = file.storyboard; name = Base; path = Base.lproj/LaunchScreen.storyboard; sourceTree = "<group>"; };
		42B57C7723461FDC00635A45 /* Info.plist */ = {isa = PBXFileReference; lastKnownFileType = text.plist.xml; path = Info.plist; sourceTree = "<group>"; };
		42B57C7D2346271E00635A45 /* PostsTableViewController.swift */ = {isa = PBXFileReference; lastKnownFileType = sourcecode.swift; path = PostsTableViewController.swift; sourceTree = "<group>"; };
		42B57C7F234627DA00635A45 /* Post.swift */ = {isa = PBXFileReference; lastKnownFileType = sourcecode.swift; path = Post.swift; sourceTree = "<group>"; };
		42B57C83234628B000635A45 /* UserInfoTableViewCell.swift */ = {isa = PBXFileReference; lastKnownFileType = sourcecode.swift; path = UserInfoTableViewCell.swift; sourceTree = "<group>"; };
		42B57C84234628B000635A45 /* UserInfoTableViewCell.xib */ = {isa = PBXFileReference; lastKnownFileType = file.xib; path = UserInfoTableViewCell.xib; sourceTree = "<group>"; };
		42B57C882346290400635A45 /* AddPostTableViewCell.swift */ = {isa = PBXFileReference; lastKnownFileType = sourcecode.swift; path = AddPostTableViewCell.swift; sourceTree = "<group>"; };
		42B57C892346290400635A45 /* AddPostTableViewCell.xib */ = {isa = PBXFileReference; lastKnownFileType = file.xib; path = AddPostTableViewCell.xib; sourceTree = "<group>"; };
		42B57C8C2346291500635A45 /* PostTableViewCell.swift */ = {isa = PBXFileReference; lastKnownFileType = sourcecode.swift; path = PostTableViewCell.swift; sourceTree = "<group>"; };
		42B57C8D2346291500635A45 /* PostTableViewCell.xib */ = {isa = PBXFileReference; lastKnownFileType = file.xib; path = PostTableViewCell.xib; sourceTree = "<group>"; };
		42B57C9023462A4300635A45 /* PhotosTableViewCell.swift */ = {isa = PBXFileReference; lastKnownFileType = sourcecode.swift; path = PhotosTableViewCell.swift; sourceTree = "<group>"; };
		42B57C9123462A4300635A45 /* PhotosTableViewCell.xib */ = {isa = PBXFileReference; lastKnownFileType = file.xib; path = PhotosTableViewCell.xib; sourceTree = "<group>"; };
/* End PBXFileReference section */

/* Begin PBXFrameworksBuildPhase section */
		42B57C6323461FDA00635A45 /* Frameworks */ = {
			isa = PBXFrameworksBuildPhase;
			buildActionMask = 2147483647;
			files = (
			);
			runOnlyForDeploymentPostprocessing = 0;
		};
/* End PBXFrameworksBuildPhase section */

/* Begin PBXGroup section */
		42B57C5D23461FDA00635A45 = {
			isa = PBXGroup;
			children = (
				42B57C6823461FDA00635A45 /* vkProfilePage */,
				42B57C6723461FDA00635A45 /* Products */,
			);
			sourceTree = "<group>";
		};
		42B57C6723461FDA00635A45 /* Products */ = {
			isa = PBXGroup;
			children = (
				42B57C6623461FDA00635A45 /* vkProfilePage.app */,
			);
			name = Products;
			sourceTree = "<group>";
		};
		42B57C6823461FDA00635A45 /* vkProfilePage */ = {
			isa = PBXGroup;
			children = (
				42B57C6F23461FDA00635A45 /* Main.storyboard */,
				42B57C812346282400635A45 /* Controllers */,
				42B57C822346282B00635A45 /* Models */,
				42B57C87234628CF00635A45 /* Views */,
				42B57C7223461FDC00635A45 /* Assets.xcassets */,
				42B57C7423461FDC00635A45 /* LaunchScreen.storyboard */,
				42B57C7723461FDC00635A45 /* Info.plist */,
				42B57C6923461FDA00635A45 /* AppDelegate.swift */,
				42B57C6B23461FDA00635A45 /* SceneDelegate.swift */,
			);
			path = vkProfilePage;
			sourceTree = "<group>";
		};
		42B57C812346282400635A45 /* Controllers */ = {
			isa = PBXGroup;
			children = (
				42B57C7D2346271E00635A45 /* PostsTableViewController.swift */,
				427897CC2348F6AD00F6DE57 /* DetailedPostTableViewController.swift */,
				425EC097234A1FDC00204D9F /* PostEditingViewController.swift */,
			);
			path = Controllers;
			sourceTree = "<group>";
		};
		42B57C822346282B00635A45 /* Models */ = {
			isa = PBXGroup;
			children = (
				42B57C7F234627DA00635A45 /* Post.swift */,
			);
			path = Models;
			sourceTree = "<group>";
		};
		42B57C87234628CF00635A45 /* Views */ = {
			isa = PBXGroup;
			children = (
				42B57C83234628B000635A45 /* UserInfoTableViewCell.swift */,
				42B57C84234628B000635A45 /* UserInfoTableViewCell.xib */,
				42B57C9023462A4300635A45 /* PhotosTableViewCell.swift */,
				42B57C9123462A4300635A45 /* PhotosTableViewCell.xib */,
				42B57C882346290400635A45 /* AddPostTableViewCell.swift */,
				42B57C892346290400635A45 /* AddPostTableViewCell.xib */,
				42B57C8C2346291500635A45 /* PostTableViewCell.swift */,
				42B57C8D2346291500635A45 /* PostTableViewCell.xib */,
			);
			path = Views;
			sourceTree = "<group>";
		};
/* End PBXGroup section */

/* Begin PBXNativeTarget section */
		42B57C6523461FDA00635A45 /* vkProfilePage */ = {
			isa = PBXNativeTarget;
			buildConfigurationList = 42B57C7A23461FDC00635A45 /* Build configuration list for PBXNativeTarget "vkProfilePage" */;
			buildPhases = (
				42B57C6223461FDA00635A45 /* Sources */,
				42B57C6323461FDA00635A45 /* Frameworks */,
				42B57C6423461FDA00635A45 /* Resources */,
			);
			buildRules = (
			);
			dependencies = (
			);
			name = vkProfilePage;
			productName = vkProfilePage;
			productReference = 42B57C6623461FDA00635A45 /* vkProfilePage.app */;
			productType = "com.apple.product-type.application";
		};
/* End PBXNativeTarget section */

/* Begin PBXProject section */
		42B57C5E23461FDA00635A45 /* Project object */ = {
			isa = PBXProject;
			attributes = {
				LastSwiftUpdateCheck = 1100;
				LastUpgradeCheck = 1100;
				ORGANIZATIONNAME = "Никита";
				TargetAttributes = {
					42B57C6523461FDA00635A45 = {
						CreatedOnToolsVersion = 11.0;
					};
				};
			};
			buildConfigurationList = 42B57C6123461FDA00635A45 /* Build configuration list for PBXProject "vkProfilePage" */;
			compatibilityVersion = "Xcode 9.3";
			developmentRegion = en;
			hasScannedForEncodings = 0;
			knownRegions = (
				en,
				Base,
			);
			mainGroup = 42B57C5D23461FDA00635A45;
			productRefGroup = 42B57C6723461FDA00635A45 /* Products */;
			projectDirPath = "";
			projectRoot = "";
			targets = (
				42B57C6523461FDA00635A45 /* vkProfilePage */,
			);
		};
/* End PBXProject section */

/* Begin PBXResourcesBuildPhase section */
		42B57C6423461FDA00635A45 /* Resources */ = {
			isa = PBXResourcesBuildPhase;
			buildActionMask = 2147483647;
			files = (
				42B57C86234628B000635A45 /* UserInfoTableViewCell.xib in Resources */,
				42B57C7623461FDC00635A45 /* LaunchScreen.storyboard in Resources */,
				42B57C7323461FDC00635A45 /* Assets.xcassets in Resources */,
				42B57C8F2346291500635A45 /* PostTableViewCell.xib in Resources */,
				42B57C7123461FDA00635A45 /* Main.storyboard in Resources */,
				42B57C8B2346290400635A45 /* AddPostTableViewCell.xib in Resources */,
				42B57C9323462A4300635A45 /* PhotosTableViewCell.xib in Resources */,
			);
			runOnlyForDeploymentPostprocessing = 0;
		};
/* End PBXResourcesBuildPhase section */

/* Begin PBXSourcesBuildPhase section */
		42B57C6223461FDA00635A45 /* Sources */ = {
			isa = PBXSourcesBuildPhase;
			buildActionMask = 2147483647;
			files = (
				42B57C8E2346291500635A45 /* PostTableViewCell.swift in Sources */,
				427897CD2348F6AD00F6DE57 /* DetailedPostTableViewController.swift in Sources */,
				42B57C85234628B000635A45 /* UserInfoTableViewCell.swift in Sources */,
				42B57C7E2346271E00635A45 /* PostsTableViewController.swift in Sources */,
				42B57C6A23461FDA00635A45 /* AppDelegate.swift in Sources */,
				42B57C9223462A4300635A45 /* PhotosTableViewCell.swift in Sources */,
				42B57C6C23461FDA00635A45 /* SceneDelegate.swift in Sources */,
				425EC098234A1FDC00204D9F /* PostEditingViewController.swift in Sources */,
				42B57C80234627DA00635A45 /* Post.swift in Sources */,
				42B57C8A2346290400635A45 /* AddPostTableViewCell.swift in Sources */,
			);
			runOnlyForDeploymentPostprocessing = 0;
		};
/* End PBXSourcesBuildPhase section */

/* Begin PBXVariantGroup section */
		42B57C6F23461FDA00635A45 /* Main.storyboard */ = {
			isa = PBXVariantGroup;
			children = (
				42B57C7023461FDA00635A45 /* Base */,
			);
			name = Main.storyboard;
			sourceTree = "<group>";
		};
		42B57C7423461FDC00635A45 /* LaunchScreen.storyboard */ = {
			isa = PBXVariantGroup;
			children = (
				42B57C7523461FDC00635A45 /* Base */,
			);
			name = LaunchScreen.storyboard;
			sourceTree = "<group>";
		};
/* End PBXVariantGroup section */

/* Begin XCBuildConfiguration section */
		42B57C7823461FDC00635A45 /* Debug */ = {
			isa = XCBuildConfiguration;
			buildSettings = {
				ALWAYS_SEARCH_USER_PATHS = NO;
				CLANG_ANALYZER_NONNULL = YES;
				CLANG_ANALYZER_NUMBER_OBJECT_CONVERSION = YES_AGGRESSIVE;
				CLANG_CXX_LANGUAGE_STANDARD = "gnu++14";
				CLANG_CXX_LIBRARY = "libc++";
				CLANG_ENABLE_MODULES = YES;
				CLANG_ENABLE_OBJC_ARC = YES;
				CLANG_ENABLE_OBJC_WEAK = YES;
				CLANG_WARN_BLOCK_CAPTURE_AUTORELEASING = YES;
				CLANG_WARN_BOOL_CONVERSION = YES;
				CLANG_WARN_COMMA = YES;
				CLANG_WARN_CONSTANT_CONVERSION = YES;
				CLANG_WARN_DEPRECATED_OBJC_IMPLEMENTATIONS = YES;
				CLANG_WARN_DIRECT_OBJC_ISA_USAGE = YES_ERROR;
				CLANG_WARN_DOCUMENTATION_COMMENTS = YES;
				CLANG_WARN_EMPTY_BODY = YES;
				CLANG_WARN_ENUM_CONVERSION = YES;
				CLANG_WARN_INFINITE_RECURSION = YES;
				CLANG_WARN_INT_CONVERSION = YES;
				CLANG_WARN_NON_LITERAL_NULL_CONVERSION = YES;
				CLANG_WARN_OBJC_IMPLICIT_RETAIN_SELF = YES;
				CLANG_WARN_OBJC_LITERAL_CONVERSION = YES;
				CLANG_WARN_OBJC_ROOT_CLASS = YES_ERROR;
				CLANG_WARN_RANGE_LOOP_ANALYSIS = YES;
				CLANG_WARN_STRICT_PROTOTYPES = YES;
				CLANG_WARN_SUSPICIOUS_MOVE = YES;
				CLANG_WARN_UNGUARDED_AVAILABILITY = YES_AGGRESSIVE;
				CLANG_WARN_UNREACHABLE_CODE = YES;
				CLANG_WARN__DUPLICATE_METHOD_MATCH = YES;
				COPY_PHASE_STRIP = NO;
				DEBUG_INFORMATION_FORMAT = dwarf;
				ENABLE_STRICT_OBJC_MSGSEND = YES;
				ENABLE_TESTABILITY = YES;
				GCC_C_LANGUAGE_STANDARD = gnu11;
				GCC_DYNAMIC_NO_PIC = NO;
				GCC_NO_COMMON_BLOCKS = YES;
				GCC_OPTIMIZATION_LEVEL = 0;
				GCC_PREPROCESSOR_DEFINITIONS = (
					"DEBUG=1",
					"$(inherited)",
				);
				GCC_WARN_64_TO_32_BIT_CONVERSION = YES;
				GCC_WARN_ABOUT_RETURN_TYPE = YES_ERROR;
				GCC_WARN_UNDECLARED_SELECTOR = YES;
				GCC_WARN_UNINITIALIZED_AUTOS = YES_AGGRESSIVE;
				GCC_WARN_UNUSED_FUNCTION = YES;
				GCC_WARN_UNUSED_VARIABLE = YES;
				IPHONEOS_DEPLOYMENT_TARGET = 13.0;
				MTL_ENABLE_DEBUG_INFO = INCLUDE_SOURCE;
				MTL_FAST_MATH = YES;
				ONLY_ACTIVE_ARCH = YES;
				SDKROOT = iphoneos;
				SWIFT_ACTIVE_COMPILATION_CONDITIONS = DEBUG;
				SWIFT_OPTIMIZATION_LEVEL = "-Onone";
			};
			name = Debug;
		};
		42B57C7923461FDC00635A45 /* Release */ = {
			isa = XCBuildConfiguration;
			buildSettings = {
				ALWAYS_SEARCH_USER_PATHS = NO;
				CLANG_ANALYZER_NONNULL = YES;
				CLANG_ANALYZER_NUMBER_OBJECT_CONVERSION = YES_AGGRESSIVE;
				CLANG_CXX_LANGUAGE_STANDARD = "gnu++14";
				CLANG_CXX_LIBRARY = "libc++";
				CLANG_ENABLE_MODULES = YES;
				CLANG_ENABLE_OBJC_ARC = YES;
				CLANG_ENABLE_OBJC_WEAK = YES;
				CLANG_WARN_BLOCK_CAPTURE_AUTORELEASING = YES;
				CLANG_WARN_BOOL_CONVERSION = YES;
				CLANG_WARN_COMMA = YES;
				CLANG_WARN_CONSTANT_CONVERSION = YES;
				CLANG_WARN_DEPRECATED_OBJC_IMPLEMENTATIONS = YES;
				CLANG_WARN_DIRECT_OBJC_ISA_USAGE = YES_ERROR;
				CLANG_WARN_DOCUMENTATION_COMMENTS = YES;
				CLANG_WARN_EMPTY_BODY = YES;
				CLANG_WARN_ENUM_CONVERSION = YES;
				CLANG_WARN_INFINITE_RECURSION = YES;
				CLANG_WARN_INT_CONVERSION = YES;
				CLANG_WARN_NON_LITERAL_NULL_CONVERSION = YES;
				CLANG_WARN_OBJC_IMPLICIT_RETAIN_SELF = YES;
				CLANG_WARN_OBJC_LITERAL_CONVERSION = YES;
				CLANG_WARN_OBJC_ROOT_CLASS = YES_ERROR;
				CLANG_WARN_RANGE_LOOP_ANALYSIS = YES;
				CLANG_WARN_STRICT_PROTOTYPES = YES;
				CLANG_WARN_SUSPICIOUS_MOVE = YES;
				CLANG_WARN_UNGUARDED_AVAILABILITY = YES_AGGRESSIVE;
				CLANG_WARN_UNREACHABLE_CODE = YES;
				CLANG_WARN__DUPLICATE_METHOD_MATCH = YES;
				COPY_PHASE_STRIP = NO;
				DEBUG_INFORMATION_FORMAT = "dwarf-with-dsym";
				ENABLE_NS_ASSERTIONS = NO;
				ENABLE_STRICT_OBJC_MSGSEND = YES;
				GCC_C_LANGUAGE_STANDARD = gnu11;
				GCC_NO_COMMON_BLOCKS = YES;
				GCC_WARN_64_TO_32_BIT_CONVERSION = YES;
				GCC_WARN_ABOUT_RETURN_TYPE = YES_ERROR;
				GCC_WARN_UNDECLARED_SELECTOR = YES;
				GCC_WARN_UNINITIALIZED_AUTOS = YES_AGGRESSIVE;
				GCC_WARN_UNUSED_FUNCTION = YES;
				GCC_WARN_UNUSED_VARIABLE = YES;
				IPHONEOS_DEPLOYMENT_TARGET = 13.0;
				MTL_ENABLE_DEBUG_INFO = NO;
				MTL_FAST_MATH = YES;
				SDKROOT = iphoneos;
				SWIFT_COMPILATION_MODE = wholemodule;
				SWIFT_OPTIMIZATION_LEVEL = "-O";
				VALIDATE_PRODUCT = YES;
			};
			name = Release;
		};
		42B57C7B23461FDC00635A45 /* Debug */ = {
			isa = XCBuildConfiguration;
			buildSettings = {
				ASSETCATALOG_COMPILER_APPICON_NAME = AppIcon;
				CODE_SIGN_STYLE = Automatic;
				DEVELOPMENT_TEAM = Y7B4QBPY6V;
				INFOPLIST_FILE = vkProfilePage/Info.plist;
				LD_RUNPATH_SEARCH_PATHS = (
					"$(inherited)",
					"@executable_path/Frameworks",
				);
				PRODUCT_BUNDLE_IDENTIFIER = dest.vkProfilePage;
				PRODUCT_NAME = "$(TARGET_NAME)";
				SWIFT_VERSION = 5.0;
				TARGETED_DEVICE_FAMILY = "1,2";
			};
			name = Debug;
		};
		42B57C7C23461FDC00635A45 /* Release */ = {
			isa = XCBuildConfiguration;
			buildSettings = {
				ASSETCATALOG_COMPILER_APPICON_NAME = AppIcon;
				CODE_SIGN_STYLE = Automatic;
				DEVELOPMENT_TEAM = Y7B4QBPY6V;
				INFOPLIST_FILE = vkProfilePage/Info.plist;
				LD_RUNPATH_SEARCH_PATHS = (
					"$(inherited)",
					"@executable_path/Frameworks",
				);
				PRODUCT_BUNDLE_IDENTIFIER = dest.vkProfilePage;
				PRODUCT_NAME = "$(TARGET_NAME)";
				SWIFT_VERSION = 5.0;
				TARGETED_DEVICE_FAMILY = "1,2";
			};
			name = Release;
		};
/* End XCBuildConfiguration section */

/* Begin XCConfigurationList section */
		42B57C6123461FDA00635A45 /* Build configuration list for PBXProject "vkProfilePage" */ = {
			isa = XCConfigurationList;
			buildConfigurations = (
				42B57C7823461FDC00635A45 /* Debug */,
				42B57C7923461FDC00635A45 /* Release */,
			);
			defaultConfigurationIsVisible = 0;
			defaultConfigurationName = Release;
		};
		42B57C7A23461FDC00635A45 /* Build configuration list for PBXNativeTarget "vkProfilePage" */ = {
			isa = XCConfigurationList;
			buildConfigurations = (
				42B57C7B23461FDC00635A45 /* Debug */,
				42B57C7C23461FDC00635A45 /* Release */,
			);
			defaultConfigurationIsVisible = 0;
			defaultConfigurationName = Release;
		};
/* End XCConfigurationList section */
	};
	rootObject = 42B57C5E23461FDA00635A45 /* Project object */;
}
